<?xml version="1.0" encoding="utf-8"?>
<Project ToolsVersion="4.0" xmlns="http://schemas.microsoft.com/developer/msbuild/2003">
  <ItemGroup>
    <ClCompile Include="GAME13.cpp" />
    <ClCompile Include="DASSYUTU.cpp" />
    <ClCompile Include="GAME_SCENE_CHANGE.cpp" />
    <ClCompile Include="Minesweeper.cpp" />
  </ItemGroup>
  <ItemGroup>
    <ClInclude Include="GAME13.h" />
    <ClInclude Include="DASSYUTU.h" />
    <ClInclude Include="GAME_SCENE_CHANGE.h" />
    <ClInclude Include="Minesweeper.h" />
  </ItemGroup>
  <ItemGroup>
    <Text Include="..\MAIN\assets\game13\title.txt" />
  </ItemGroup>
</Project>