<?xml version="1.0" encoding="utf-8"?>
<Project ToolsVersion="4.0" xmlns="http://schemas.microsoft.com/developer/msbuild/2003">
  <ItemGroup>
    <ClCompile Include="GAME08.cpp" />
    <ClCompile Include="Board.cpp" />
  </ItemGroup>
  <ItemGroup>
    <ClInclude Include="GAME08.h" />
    <ClInclude Include="Piece.h" />
    <ClInclude Include="Board.h" />
  </ItemGroup>
  <ItemGroup>
    <Text Include="..\MAIN\assets\game08\title.txt" />
  </ItemGroup>
</Project>