<?xml version="1.0" encoding="utf-8"?>
<Project ToolsVersion="4.0" xmlns="http://schemas.microsoft.com/developer/msbuild/2003">
  <ItemGroup>
    <ClCompile Include="GAME01.cpp" />
    <ClCompile Include="CHARACTER.cpp" />
    <ClCompile Include="ENEMY.cpp" />
    <ClCompile Include="GAME.cpp" />
    <ClCompile Include="MAP.cpp" />
    <ClCompile Include="NORMALENEMY.cpp" />
    <ClCompile Include="PERSENT.cpp" />
    <ClCompile Include="PLAYER.cpp" />
    <ClCompile Include="UserInterface.cpp" />
    <ClCompile Include="WEAKENEMY.cpp" />
    <ClCompile Include="THIRDENEMY.cpp" />
    <ClCompile Include="FOURTHENEMY.cpp" />
    <ClCompile Include="FIFTHENEMY.cpp" />
    <ClCompile Include="SIXTHENEMY.cpp" />
    <ClCompile Include="BOSS.cpp" />
    <ClCompile Include="SEVENTHENEMY.cpp" />
  </ItemGroup>
  <ItemGroup>
    <ClInclude Include="GAME01.h" />
    <ClInclude Include="CELL.h" />
    <ClInclude Include="CHARACTER.h" />
    <ClInclude Include="ENEMY.h" />
    <ClInclude Include="GAME.h" />
    <ClInclude Include="MAP.h" />
    <ClInclude Include="NORMALENEMY.h" />
    <ClInclude Include="PERSENT.h" />
    <ClInclude Include="PLAYER.h" />
    <ClInclude Include="UserInterface.h" />
    <ClInclude Include="WEAKENEMY.h" />
    <ClInclude Include="THIRDENEMY.h" />
    <ClInclude Include="FOURTHENEMY.h" />
    <ClInclude Include="FIFTHENEMY.h" />
    <ClInclude Include="SIXTHENEMY.h" />
    <ClInclude Include="BOSS.h" />
    <ClInclude Include="SEVENTHENEMY.h" />
  </ItemGroup>
  <ItemGroup>
    <Text Include="..\MAIN\assets\game01\title.txt" />
  </ItemGroup>
</Project>